
Microsoft Visual Studio Solution File, Format Version 10.00
# Visual C# Express 2008
Project("{FAE04EC0-301F-11D3-BF4B-00C04F79EFBC}") = "Personal Finance Tracker", "Personal Finance Tracker.csproj", "{CD01A46B-3B3E-42E1-9FFC-7EEA53DFB949}"
EndProject
Global
	GlobalSection(SolutionConfigurationPlatforms) = preSolution
		Debug|Any CPU = Debug|Any CPU
		Release|Any CPU = Release|Any CPU
	EndGlobalSection
	GlobalSection(ProjectConfigurationPlatforms) = postSolution
		{CD01A46B-3B3E-42E1-9FFC-7EEA53DFB949}.Debug|Any CPU.ActiveCfg = Debug|Any CPU
		{CD01A46B-3B3E-42E1-9FFC-7EEA53DFB949}.Debug|Any CPU.Build.0 = Debug|Any CPU
		{CD01A46B-3B3E-42E1-9FFC-7EEA53DFB949}.Release|Any CPU.ActiveCfg = Release|Any CPU
		{CD01A46B-3B3E-42E1-9FFC-7EEA53DFB949}.Release|Any CPU.Build.0 = Release|Any CPU
	EndGlobalSection
	GlobalSection(SolutionProperties) = preSolution
		HideSolutionNode = FALSE
	EndGlobalSection
EndGlobal
